
Microsoft Visual Studio Solution File, Format Version 12.00
# Visual Studio 2012
Project("{FAE04EC0-301F-11D3-BF4B-00C04F79EFBC}") = "NUnitExample", "NUnitExample\NUnitExample.csproj", "{3F1D5FB9-8B41-4058-93EB-6D51808DE528}"
EndProject
Project("{FAE04EC0-301F-11D3-BF4B-00C04F79EFBC}") = "MSTestExample", "MSTestExample\MSTestExample.csproj", "{2336633C-491A-4F8F-A48D-D7E91837EABF}"
EndProject
Global
	GlobalSection(SolutionConfigurationPlatforms) = preSolution
		Debug|Any CPU = Debug|Any CPU
		Release|Any CPU = Release|Any CPU
	EndGlobalSection
	GlobalSection(ProjectConfigurationPlatforms) = postSolution
		{3F1D5FB9-8B41-4058-93EB-6D51808DE528}.Debug|Any CPU.ActiveCfg = Debug|Any CPU
		{3F1D5FB9-8B41-4058-93EB-6D51808DE528}.Debug|Any CPU.Build.0 = Debug|Any CPU
		{3F1D5FB9-8B41-4058-93EB-6D51808DE528}.Release|Any CPU.ActiveCfg = Release|Any CPU
		{3F1D5FB9-8B41-4058-93EB-6D51808DE528}.Release|Any CPU.Build.0 = Release|Any CPU
		{2336633C-491A-4F8F-A48D-D7E91837EABF}.Debug|Any CPU.ActiveCfg = Debug|Any CPU
		{2336633C-491A-4F8F-A48D-D7E91837EABF}.Debug|Any CPU.Build.0 = Debug|Any CPU
		{2336633C-491A-4F8F-A48D-D7E91837EABF}.Release|Any CPU.ActiveCfg = Release|Any CPU
		{2336633C-491A-4F8F-A48D-D7E91837EABF}.Release|Any CPU.Build.0 = Release|Any CPU
	EndGlobalSection
	GlobalSection(SolutionProperties) = preSolution
		HideSolutionNode = FALSE
	EndGlobalSection
EndGlobal
