
Microsoft Visual Studio Solution File, Format Version 12.00
# Visual Studio 2012
Project("{FAE04EC0-301F-11D3-BF4B-00C04F79EFBC}") = "ApressXaml.Usb", "ApressXaml.Usb\ApressXaml.Usb.csproj", "{2EE493DB-83C6-4956-8B39-F4A0786998A4}"
EndProject
Project("{FAE04EC0-301F-11D3-BF4B-00C04F79EFBC}") = "ApressXaml.Usb.UnitTests", "ApressXaml.Usb.UnitTests\ApressXaml.Usb.UnitTests.csproj", "{1DF81D02-7D80-46E0-B741-D6B3C5D99632}"
EndProject
Global
	GlobalSection(SolutionConfigurationPlatforms) = preSolution
		Debug|Any CPU = Debug|Any CPU
		Release|Any CPU = Release|Any CPU
	EndGlobalSection
	GlobalSection(ProjectConfigurationPlatforms) = postSolution
		{2EE493DB-83C6-4956-8B39-F4A0786998A4}.Debug|Any CPU.ActiveCfg = Debug|Any CPU
		{2EE493DB-83C6-4956-8B39-F4A0786998A4}.Debug|Any CPU.Build.0 = Debug|Any CPU
		{2EE493DB-83C6-4956-8B39-F4A0786998A4}.Release|Any CPU.ActiveCfg = Release|Any CPU
		{2EE493DB-83C6-4956-8B39-F4A0786998A4}.Release|Any CPU.Build.0 = Release|Any CPU
		{1DF81D02-7D80-46E0-B741-D6B3C5D99632}.Debug|Any CPU.ActiveCfg = Debug|Any CPU
		{1DF81D02-7D80-46E0-B741-D6B3C5D99632}.Debug|Any CPU.Build.0 = Debug|Any CPU
		{1DF81D02-7D80-46E0-B741-D6B3C5D99632}.Release|Any CPU.ActiveCfg = Release|Any CPU
		{1DF81D02-7D80-46E0-B741-D6B3C5D99632}.Release|Any CPU.Build.0 = Release|Any CPU
	EndGlobalSection
	GlobalSection(SolutionProperties) = preSolution
		HideSolutionNode = FALSE
	EndGlobalSection
EndGlobal
